
Microsoft Visual Studio Solution File, Format Version 12.00
# Visual Studio Version 16
VisualStudioVersion = 16.0.33130.400
MinimumVisualStudioVersion = 10.0.40219.1
Project("{FAE04EC0-301F-11D3-BF4B-00C04F79EFBC}") = "pract14_3_P", "pract14_3_P.csproj", "{FDED4491-7E84-44A8-9E87-D160F9B67913}"
EndProject
Global
	GlobalSection(SolutionConfigurationPlatforms) = preSolution
		Debug|Any CPU = Debug|Any CPU
		Release|Any CPU = Release|Any CPU
	EndGlobalSection
	GlobalSection(ProjectConfigurationPlatforms) = postSolution
		{FDED4491-7E84-44A8-9E87-D160F9B67913}.Debug|Any CPU.ActiveCfg = Debug|Any CPU
		{FDED4491-7E84-44A8-9E87-D160F9B67913}.Debug|Any CPU.Build.0 = Debug|Any CPU
		{FDED4491-7E84-44A8-9E87-D160F9B67913}.Release|Any CPU.ActiveCfg = Release|Any CPU
		{FDED4491-7E84-44A8-9E87-D160F9B67913}.Release|Any CPU.Build.0 = Release|Any CPU
	EndGlobalSection
	GlobalSection(SolutionProperties) = preSolution
		HideSolutionNode = FALSE
	EndGlobalSection
	GlobalSection(ExtensibilityGlobals) = postSolution
		SolutionGuid = {8515BFBB-22E8-4ABA-A128-8693C47F6047}
	EndGlobalSection
EndGlobal
