
Microsoft Visual Studio Solution File, Format Version 12.00
# Visual Studio Version 17
VisualStudioVersion = 17.14.36930.0 d17.14
MinimumVisualStudioVersion = 10.0.40219.1
Project("{FAE04EC0-301F-11D3-BF4B-00C04F79EFBC}") = "Pr_4_3", "Pr_4_3\Pr_4_3.csproj", "{92BAD57A-20CE-49C7-99DF-AB468F15210A}"
EndProject
Global
	GlobalSection(SolutionConfigurationPlatforms) = preSolution
		Debug|Any CPU = Debug|Any CPU
		Release|Any CPU = Release|Any CPU
	EndGlobalSection
	GlobalSection(ProjectConfigurationPlatforms) = postSolution
		{92BAD57A-20CE-49C7-99DF-AB468F15210A}.Debug|Any CPU.ActiveCfg = Debug|Any CPU
		{92BAD57A-20CE-49C7-99DF-AB468F15210A}.Debug|Any CPU.Build.0 = Debug|Any CPU
		{92BAD57A-20CE-49C7-99DF-AB468F15210A}.Release|Any CPU.ActiveCfg = Release|Any CPU
		{92BAD57A-20CE-49C7-99DF-AB468F15210A}.Release|Any CPU.Build.0 = Release|Any CPU
	EndGlobalSection
	GlobalSection(SolutionProperties) = preSolution
		HideSolutionNode = FALSE
	EndGlobalSection
	GlobalSection(ExtensibilityGlobals) = postSolution
		SolutionGuid = {BAA3A132-25CE-4AB3-8A75-E12E9C275CBC}
	EndGlobalSection
EndGlobal
